// !$*UTF8*$!
{
	archiveVersion = 1;
	classes = {
	};
	objectVersion = 55;
	objects = {

/* Begin PBXBuildFile section */
		CB01988927DFB0A600AB9B2A /* BlurView.swift in Sources */ = {isa = PBXBuildFile; fileRef = CB01988827DFB0A600AB9B2A /* BlurView.swift */; };
		CB01988D27DFC96600AB9B2A /* SlidingSheet.swift in Sources */ = {isa = PBXBuildFile; fileRef = CB01988C27DFC96600AB9B2A /* SlidingSheet.swift */; };
		CB62576627DE670D0036F287 /* conecta4App.swift in Sources */ = {isa = PBXBuildFile; fileRef = CB62576527DE670D0036F287 /* conecta4App.swift */; };
		CB62576827DE670D0036F287 /* ContentView.swift in Sources */ = {isa = PBXBuildFile; fileRef = CB62576727DE670D0036F287 /* ContentView.swift */; };
		CB62576A27DE67110036F287 /* Assets.xcassets in Resources */ = {isa = PBXBuildFile; fileRef = CB62576927DE67110036F287 /* Assets.xcassets */; };
		CB62576D27DE67110036F287 /* Preview Assets.xcassets in Resources */ = {isa = PBXBuildFile; fileRef = CB62576C27DE67110036F287 /* Preview Assets.xcassets */; };
		CB62577627DE6FC20036F287 /* ContentVM.swift in Sources */ = {isa = PBXBuildFile; fileRef = CB62577527DE6FC20036F287 /* ContentVM.swift */; };
		CB62577827DE74E70036F287 /* model.swift in Sources */ = {isa = PBXBuildFile; fileRef = CB62577727DE74E70036F287 /* model.swift */; };
		CBC23B6F27E3CE5100171EC6 /* ContentViewiPad.swift in Sources */ = {isa = PBXBuildFile; fileRef = CBC23B6E27E3CE5100171EC6 /* ContentViewiPad.swift */; };
		CBC23B7127E3CE7100171EC6 /* GameTableView.swift in Sources */ = {isa = PBXBuildFile; fileRef = CBC23B7027E3CE7100171EC6 /* GameTableView.swift */; };
/* End PBXBuildFile section */

/* Begin PBXFileReference section */
		CB01988827DFB0A600AB9B2A /* BlurView.swift */ = {isa = PBXFileReference; lastKnownFileType = sourcecode.swift; path = BlurView.swift; sourceTree = "<group>"; };
		CB01988C27DFC96600AB9B2A /* SlidingSheet.swift */ = {isa = PBXFileReference; lastKnownFileType = sourcecode.swift; path = SlidingSheet.swift; sourceTree = "<group>"; };
		CB62576227DE670D0036F287 /* conecta4.app */ = {isa = PBXFileReference; explicitFileType = wrapper.application; includeInIndex = 0; path = conecta4.app; sourceTree = BUILT_PRODUCTS_DIR; };
		CB62576527DE670D0036F287 /* conecta4App.swift */ = {isa = PBXFileReference; lastKnownFileType = sourcecode.swift; path = conecta4App.swift; sourceTree = "<group>"; };
		CB62576727DE670D0036F287 /* ContentView.swift */ = {isa = PBXFileReference; lastKnownFileType = sourcecode.swift; path = ContentView.swift; sourceTree = "<group>"; };
		CB62576927DE67110036F287 /* Assets.xcassets */ = {isa = PBXFileReference; lastKnownFileType = folder.assetcatalog; path = Assets.xcassets; sourceTree = "<group>"; };
		CB62576C27DE67110036F287 /* Preview Assets.xcassets */ = {isa = PBXFileReference; lastKnownFileType = folder.assetcatalog; path = "Preview Assets.xcassets"; sourceTree = "<group>"; };
		CB62577527DE6FC20036F287 /* ContentVM.swift */ = {isa = PBXFileReference; lastKnownFileType = sourcecode.swift; path = ContentVM.swift; sourceTree = "<group>"; };
		CB62577727DE74E70036F287 /* model.swift */ = {isa = PBXFileReference; lastKnownFileType = sourcecode.swift; path = model.swift; sourceTree = "<group>"; };
		CBC23B6E27E3CE5100171EC6 /* ContentViewiPad.swift */ = {isa = PBXFileReference; lastKnownFileType = sourcecode.swift; path = ContentViewiPad.swift; sourceTree = "<group>"; };
		CBC23B7027E3CE7100171EC6 /* GameTableView.swift */ = {isa = PBXFileReference; lastKnownFileType = sourcecode.swift; path = GameTableView.swift; sourceTree = "<group>"; };
/* End PBXFileReference section */

/* Begin PBXFrameworksBuildPhase section */
		CB62575F27DE670D0036F287 /* Frameworks */ = {
			isa = PBXFrameworksBuildPhase;
			buildActionMask = 2147483647;
			files = (
			);
			runOnlyForDeploymentPostprocessing = 0;
		};
/* End PBXFrameworksBuildPhase section */

/* Begin PBXGroup section */
		CB62575927DE670D0036F287 = {
			isa = PBXGroup;
			children = (
				CB62576427DE670D0036F287 /* conecta4 */,
				CB62576327DE670D0036F287 /* Products */,
			);
			sourceTree = "<group>";
		};
		CB62576327DE670D0036F287 /* Products */ = {
			isa = PBXGroup;
			children = (
				CB62576227DE670D0036F287 /* conecta4.app */,
			);
			name = Products;
			sourceTree = "<group>";
		};
		CB62576427DE670D0036F287 /* conecta4 */ = {
			isa = PBXGroup;
			children = (
				CB62576527DE670D0036F287 /* conecta4App.swift */,
				CB62576727DE670D0036F287 /* ContentView.swift */,
				CB62576927DE67110036F287 /* Assets.xcassets */,
				CB62576B27DE67110036F287 /* Preview Content */,
				CB62577527DE6FC20036F287 /* ContentVM.swift */,
				CB62577727DE74E70036F287 /* model.swift */,
				CB01988827DFB0A600AB9B2A /* BlurView.swift */,
				CB01988C27DFC96600AB9B2A /* SlidingSheet.swift */,
				CBC23B6E27E3CE5100171EC6 /* ContentViewiPad.swift */,
				CBC23B7027E3CE7100171EC6 /* GameTableView.swift */,
			);
			path = conecta4;
			sourceTree = "<group>";
		};
		CB62576B27DE67110036F287 /* Preview Content */ = {
			isa = PBXGroup;
			children = (
				CB62576C27DE67110036F287 /* Preview Assets.xcassets */,
			);
			path = "Preview Content";
			sourceTree = "<group>";
		};
/* End PBXGroup section */

/* Begin PBXNativeTarget section */
		CB62576127DE670D0036F287 /* conecta4 */ = {
			isa = PBXNativeTarget;
			buildConfigurationList = CB62577027DE67110036F287 /* Build configuration list for PBXNativeTarget "conecta4" */;
			buildPhases = (
				CB62575E27DE670D0036F287 /* Sources */,
				CB62575F27DE670D0036F287 /* Frameworks */,
				CB62576027DE670D0036F287 /* Resources */,
			);
			buildRules = (
			);
			dependencies = (
			);
			name = conecta4;
			productName = conecta4;
			productReference = CB62576227DE670D0036F287 /* conecta4.app */;
			productType = "com.apple.product-type.application";
		};
/* End PBXNativeTarget section */

/* Begin PBXProject section */
		CB62575A27DE670D0036F287 /* Project object */ = {
			isa = PBXProject;
			attributes = {
				BuildIndependentTargetsInParallel = 1;
				LastSwiftUpdateCheck = 1320;
				LastUpgradeCheck = 1320;
				TargetAttributes = {
					CB62576127DE670D0036F287 = {
						CreatedOnToolsVersion = 13.2.1;
					};
				};
			};
			buildConfigurationList = CB62575D27DE670D0036F287 /* Build configuration list for PBXProject "conecta4" */;
			compatibilityVersion = "Xcode 13.0";
			developmentRegion = en;
			hasScannedForEncodings = 0;
			knownRegions = (
				en,
				Base,
			);
			mainGroup = CB62575927DE670D0036F287;
			productRefGroup = CB62576327DE670D0036F287 /* Products */;
			projectDirPath = "";
			projectRoot = "";
			targets = (
				CB62576127DE670D0036F287 /* conecta4 */,
			);
		};
/* End PBXProject section */

/* Begin PBXResourcesBuildPhase section */
		CB62576027DE670D0036F287 /* Resources */ = {
			isa = PBXResourcesBuildPhase;
			buildActionMask = 2147483647;
			files = (
				CB62576D27DE67110036F287 /* Preview Assets.xcassets in Resources */,
				CB62576A27DE67110036F287 /* Assets.xcassets in Resources */,
			);
			runOnlyForDeploymentPostprocessing = 0;
		};
/* End PBXResourcesBuildPhase section */

/* Begin PBXSourcesBuildPhase section */
		CB62575E27DE670D0036F287 /* Sources */ = {
			isa = PBXSourcesBuildPhase;
			buildActionMask = 2147483647;
			files = (
				CB62577627DE6FC20036F287 /* ContentVM.swift in Sources */,
				CB62576827DE670D0036F287 /* ContentView.swift in Sources */,
				CB01988D27DFC96600AB9B2A /* SlidingSheet.swift in Sources */,
				CBC23B7127E3CE7100171EC6 /* GameTableView.swift in Sources */,
				CB01988927DFB0A600AB9B2A /* BlurView.swift in Sources */,
				CB62576627DE670D0036F287 /* conecta4App.swift in Sources */,
				CB62577827DE74E70036F287 /* model.swift in Sources */,
				CBC23B6F27E3CE5100171EC6 /* ContentViewiPad.swift in Sources */,
			);
			runOnlyForDeploymentPostprocessing = 0;
		};
/* End PBXSourcesBuildPhase section */

/* Begin XCBuildConfiguration section */
		CB62576E27DE67110036F287 /* Debug */ = {
			isa = XCBuildConfiguration;
			buildSettings = {
				ALWAYS_SEARCH_USER_PATHS = NO;
				CLANG_ANALYZER_NONNULL = YES;
				CLANG_ANALYZER_NUMBER_OBJECT_CONVERSION = YES_AGGRESSIVE;
				CLANG_CXX_LANGUAGE_STANDARD = "gnu++17";
				CLANG_CXX_LIBRARY = "libc++";
				CLANG_ENABLE_MODULES = YES;
				CLANG_ENABLE_OBJC_ARC = YES;
				CLANG_ENABLE_OBJC_WEAK = YES;
				CLANG_WARN_BLOCK_CAPTURE_AUTORELEASING = YES;
				CLANG_WARN_BOOL_CONVERSION = YES;
				CLANG_WARN_COMMA = YES;
				CLANG_WARN_CONSTANT_CONVERSION = YES;
				CLANG_WARN_DEPRECATED_OBJC_IMPLEMENTATIONS = YES;
				CLANG_WARN_DIRECT_OBJC_ISA_USAGE = YES_ERROR;
				CLANG_WARN_DOCUMENTATION_COMMENTS = YES;
				CLANG_WARN_EMPTY_BODY = YES;
				CLANG_WARN_ENUM_CONVERSION = YES;
				CLANG_WARN_INFINITE_RECURSION = YES;
				CLANG_WARN_INT_CONVERSION = YES;
				CLANG_WARN_NON_LITERAL_NULL_CONVERSION = YES;
				CLANG_WARN_OBJC_IMPLICIT_RETAIN_SELF = YES;
				CLANG_WARN_OBJC_LITERAL_CONVERSION = YES;
				CLANG_WARN_OBJC_ROOT_CLASS = YES_ERROR;
				CLANG_WARN_QUOTED_INCLUDE_IN_FRAMEWORK_HEADER = YES;
				CLANG_WARN_RANGE_LOOP_ANALYSIS = YES;
				CLANG_WARN_STRICT_PROTOTYPES = YES;
				CLANG_WARN_SUSPICIOUS_MOVE = YES;
				CLANG_WARN_UNGUARDED_AVAILABILITY = YES_AGGRESSIVE;
				CLANG_WARN_UNREACHABLE_CODE = YES;
				CLANG_WARN__DUPLICATE_METHOD_MATCH = YES;
				COPY_PHASE_STRIP = NO;
				DEBUG_INFORMATION_FORMAT = dwarf;
				ENABLE_STRICT_OBJC_MSGSEND = YES;
				ENABLE_TESTABILITY = YES;
				GCC_C_LANGUAGE_STANDARD = gnu11;
				GCC_DYNAMIC_NO_PIC = NO;
				GCC_NO_COMMON_BLOCKS = YES;
				GCC_OPTIMIZATION_LEVEL = 0;
				GCC_PREPROCESSOR_DEFINITIONS = (
					"DEBUG=1",
					"$(inherited)",
				);
				GCC_WARN_64_TO_32_BIT_CONVERSION = YES;
				GCC_WARN_ABOUT_RETURN_TYPE = YES_ERROR;
				GCC_WARN_UNDECLARED_SELECTOR = YES;
				GCC_WARN_UNINITIALIZED_AUTOS = YES_AGGRESSIVE;
				GCC_WARN_UNUSED_FUNCTION = YES;
				GCC_WARN_UNUSED_VARIABLE = YES;
				IPHONEOS_DEPLOYMENT_TARGET = 15.2;
				MTL_ENABLE_DEBUG_INFO = INCLUDE_SOURCE;
				MTL_FAST_MATH = YES;
				ONLY_ACTIVE_ARCH = YES;
				SDKROOT = iphoneos;
				SWIFT_ACTIVE_COMPILATION_CONDITIONS = DEBUG;
				SWIFT_OPTIMIZATION_LEVEL = "-Onone";
			};
			name = Debug;
		};
		CB62576F27DE67110036F287 /* Release */ = {
			isa = XCBuildConfiguration;
			buildSettings = {
				ALWAYS_SEARCH_USER_PATHS = NO;
				CLANG_ANALYZER_NONNULL = YES;
				CLANG_ANALYZER_NUMBER_OBJECT_CONVERSION = YES_AGGRESSIVE;
				CLANG_CXX_LANGUAGE_STANDARD = "gnu++17";
				CLANG_CXX_LIBRARY = "libc++";
				CLANG_ENABLE_MODULES = YES;
				CLANG_ENABLE_OBJC_ARC = YES;
				CLANG_ENABLE_OBJC_WEAK = YES;
				CLANG_WARN_BLOCK_CAPTURE_AUTORELEASING = YES;
				CLANG_WARN_BOOL_CONVERSION = YES;
				CLANG_WARN_COMMA = YES;
				CLANG_WARN_CONSTANT_CONVERSION = YES;
				CLANG_WARN_DEPRECATED_OBJC_IMPLEMENTATIONS = YES;
				CLANG_WARN_DIRECT_OBJC_ISA_USAGE = YES_ERROR;
				CLANG_WARN_DOCUMENTATION_COMMENTS = YES;
				CLANG_WARN_EMPTY_BODY = YES;
				CLANG_WARN_ENUM_CONVERSION = YES;
				CLANG_WARN_INFINITE_RECURSION = YES;
				CLANG_WARN_INT_CONVERSION = YES;
				CLANG_WARN_NON_LITERAL_NULL_CONVERSION = YES;
				CLANG_WARN_OBJC_IMPLICIT_RETAIN_SELF = YES;
				CLANG_WARN_OBJC_LITERAL_CONVERSION = YES;
				CLANG_WARN_OBJC_ROOT_CLASS = YES_ERROR;
				CLANG_WARN_QUOTED_INCLUDE_IN_FRAMEWORK_HEADER = YES;
				CLANG_WARN_RANGE_LOOP_ANALYSIS = YES;
				CLANG_WARN_STRICT_PROTOTYPES = YES;
				CLANG_WARN_SUSPICIOUS_MOVE = YES;
				CLANG_WARN_UNGUARDED_AVAILABILITY = YES_AGGRESSIVE;
				CLANG_WARN_UNREACHABLE_CODE = YES;
				CLANG_WARN__DUPLICATE_METHOD_MATCH = YES;
				COPY_PHASE_STRIP = NO;
				DEBUG_INFORMATION_FORMAT = "dwarf-with-dsym";
				ENABLE_NS_ASSERTIONS = NO;
				ENABLE_STRICT_OBJC_MSGSEND = YES;
				GCC_C_LANGUAGE_STANDARD = gnu11;
				GCC_NO_COMMON_BLOCKS = YES;
				GCC_WARN_64_TO_32_BIT_CONVERSION = YES;
				GCC_WARN_ABOUT_RETURN_TYPE = YES_ERROR;
				GCC_WARN_UNDECLARED_SELECTOR = YES;
				GCC_WARN_UNINITIALIZED_AUTOS = YES_AGGRESSIVE;
				GCC_WARN_UNUSED_FUNCTION = YES;
				GCC_WARN_UNUSED_VARIABLE = YES;
				IPHONEOS_DEPLOYMENT_TARGET = 15.2;
				MTL_ENABLE_DEBUG_INFO = NO;
				MTL_FAST_MATH = YES;
				SDKROOT = iphoneos;
				SWIFT_COMPILATION_MODE = wholemodule;
				SWIFT_OPTIMIZATION_LEVEL = "-O";
				VALIDATE_PRODUCT = YES;
			};
			name = Release;
		};
		CB62577127DE67110036F287 /* Debug */ = {
			isa = XCBuildConfiguration;
			buildSettings = {
				ASSETCATALOG_COMPILER_APPICON_NAME = AppIcon;
				ASSETCATALOG_COMPILER_GLOBAL_ACCENT_COLOR_NAME = AccentColor;
				CODE_SIGN_STYLE = Automatic;
				CURRENT_PROJECT_VERSION = 1;
				DEVELOPMENT_ASSET_PATHS = "\"conecta4/Preview Content\"";
				DEVELOPMENT_TEAM = 5Q3AH9TS7A;
				ENABLE_PREVIEWS = YES;
				GENERATE_INFOPLIST_FILE = YES;
				INFOPLIST_KEY_UIApplicationSceneManifest_Generation = YES;
				INFOPLIST_KEY_UIApplicationSupportsIndirectInputEvents = YES;
				INFOPLIST_KEY_UILaunchScreen_Generation = YES;
				INFOPLIST_KEY_UISupportedInterfaceOrientations = "UIInterfaceOrientationPortrait UIInterfaceOrientationPortraitUpsideDown";
				INFOPLIST_KEY_UISupportedInterfaceOrientations_iPad = "UIInterfaceOrientationLandscapeLeft UIInterfaceOrientationLandscapeRight";
				INFOPLIST_KEY_UISupportedInterfaceOrientations_iPhone = "UIInterfaceOrientationPortrait UIInterfaceOrientationLandscapeLeft UIInterfaceOrientationLandscapeRight";
				LD_RUNPATH_SEARCH_PATHS = (
					"$(inherited)",
					"@executable_path/Frameworks",
				);
				MARKETING_VERSION = 1.0;
				PRODUCT_BUNDLE_IDENTIFIER = com.emartinl.conecta4;
				PRODUCT_NAME = "$(TARGET_NAME)";
				SWIFT_EMIT_LOC_STRINGS = YES;
				SWIFT_VERSION = 5.0;
				TARGETED_DEVICE_FAMILY = "1,2";
			};
			name = Debug;
		};
		CB62577227DE67110036F287 /* Release */ = {
			isa = XCBuildConfiguration;
			buildSettings = {
				ASSETCATALOG_COMPILER_APPICON_NAME = AppIcon;
				ASSETCATALOG_COMPILER_GLOBAL_ACCENT_COLOR_NAME = AccentColor;
				CODE_SIGN_STYLE = Automatic;
				CURRENT_PROJECT_VERSION = 1;
				DEVELOPMENT_ASSET_PATHS = "\"conecta4/Preview Content\"";
				DEVELOPMENT_TEAM = 5Q3AH9TS7A;
				ENABLE_PREVIEWS = YES;
				GENERATE_INFOPLIST_FILE = YES;
				INFOPLIST_KEY_UIApplicationSceneManifest_Generation = YES;
				INFOPLIST_KEY_UIApplicationSupportsIndirectInputEvents = YES;
				INFOPLIST_KEY_UILaunchScreen_Generation = YES;
				INFOPLIST_KEY_UISupportedInterfaceOrientations = "UIInterfaceOrientationPortrait UIInterfaceOrientationPortraitUpsideDown";
				INFOPLIST_KEY_UISupportedInterfaceOrientations_iPad = "UIInterfaceOrientationLandscapeLeft UIInterfaceOrientationLandscapeRight";
				INFOPLIST_KEY_UISupportedInterfaceOrientations_iPhone = "UIInterfaceOrientationPortrait UIInterfaceOrientationLandscapeLeft UIInterfaceOrientationLandscapeRight";
				LD_RUNPATH_SEARCH_PATHS = (
					"$(inherited)",
					"@executable_path/Frameworks",
				);
				MARKETING_VERSION = 1.0;
				PRODUCT_BUNDLE_IDENTIFIER = com.emartinl.conecta4;
				PRODUCT_NAME = "$(TARGET_NAME)";
				SWIFT_EMIT_LOC_STRINGS = YES;
				SWIFT_VERSION = 5.0;
				TARGETED_DEVICE_FAMILY = "1,2";
			};
			name = Release;
		};
/* End XCBuildConfiguration section */

/* Begin XCConfigurationList section */
		CB62575D27DE670D0036F287 /* Build configuration list for PBXProject "conecta4" */ = {
			isa = XCConfigurationList;
			buildConfigurations = (
				CB62576E27DE67110036F287 /* Debug */,
				CB62576F27DE67110036F287 /* Release */,
			);
			defaultConfigurationIsVisible = 0;
			defaultConfigurationName = Release;
		};
		CB62577027DE67110036F287 /* Build configuration list for PBXNativeTarget "conecta4" */ = {
			isa = XCConfigurationList;
			buildConfigurations = (
				CB62577127DE67110036F287 /* Debug */,
				CB62577227DE67110036F287 /* Release */,
			);
			defaultConfigurationIsVisible = 0;
			defaultConfigurationName = Release;
		};
/* End XCConfigurationList section */
	};
	rootObject = CB62575A27DE670D0036F287 /* Project object */;
}
